
Microsoft Visual Studio Solution File, Format Version 12.00
# Visual Studio Version 17
VisualStudioVersion = 17.11.35327.3
MinimumVisualStudioVersion = 10.0.40219.1
Project("{9A19103F-16F7-4668-BE54-9A1E7A4F7556}") = "RealWorldSharp", "RealWorldSharp\RealWorldSharp.csproj", "{4385DB4F-346A-4417-875E-C331555BEB45}"
EndProject
Project("{9A19103F-16F7-4668-BE54-9A1E7A4F7556}") = "SharpHtml", "SharpHtml\SharpHtml.csproj", "{88AA388C-9115-4034-B508-0AEBA1271736}"
EndProject
Project("{9A19103F-16F7-4668-BE54-9A1E7A4F7556}") = "HtmlConverter", "HtmlConvert\HtmlConverter.csproj", "{75D1F95B-FEC5-4F39-B7FF-C8B88F19A73A}"
EndProject
Project("{FAE04EC0-301F-11D3-BF4B-00C04F79EFBC}") = "Lorem.NET", "Lorem.NET\Lorem.NET.csproj", "{787D3BA7-DB6C-4704-B89C-8D91A4392442}"
EndProject
Project("{FAE04EC0-301F-11D3-BF4B-00C04F79EFBC}") = "RealWorldSharp.Test", "RealWorldSharp.Test\RealWorldSharp.Test.csproj", "{0D3D4047-3DB8-42CB-B4F2-BE3E2C1D5962}"
EndProject
Global
	GlobalSection(SolutionConfigurationPlatforms) = preSolution
		Debug|Any CPU = Debug|Any CPU
		Release|Any CPU = Release|Any CPU
	EndGlobalSection
	GlobalSection(ProjectConfigurationPlatforms) = postSolution
		{4385DB4F-346A-4417-875E-C331555BEB45}.Debug|Any CPU.ActiveCfg = Debug|Any CPU
		{4385DB4F-346A-4417-875E-C331555BEB45}.Debug|Any CPU.Build.0 = Debug|Any CPU
		{4385DB4F-346A-4417-875E-C331555BEB45}.Release|Any CPU.ActiveCfg = Release|Any CPU
		{4385DB4F-346A-4417-875E-C331555BEB45}.Release|Any CPU.Build.0 = Release|Any CPU
		{88AA388C-9115-4034-B508-0AEBA1271736}.Debug|Any CPU.ActiveCfg = Debug|Any CPU
		{88AA388C-9115-4034-B508-0AEBA1271736}.Debug|Any CPU.Build.0 = Debug|Any CPU
		{88AA388C-9115-4034-B508-0AEBA1271736}.Release|Any CPU.ActiveCfg = Release|Any CPU
		{88AA388C-9115-4034-B508-0AEBA1271736}.Release|Any CPU.Build.0 = Release|Any CPU
		{75D1F95B-FEC5-4F39-B7FF-C8B88F19A73A}.Debug|Any CPU.ActiveCfg = Debug|Any CPU
		{75D1F95B-FEC5-4F39-B7FF-C8B88F19A73A}.Debug|Any CPU.Build.0 = Debug|Any CPU
		{75D1F95B-FEC5-4F39-B7FF-C8B88F19A73A}.Release|Any CPU.ActiveCfg = Release|Any CPU
		{75D1F95B-FEC5-4F39-B7FF-C8B88F19A73A}.Release|Any CPU.Build.0 = Release|Any CPU
		{787D3BA7-DB6C-4704-B89C-8D91A4392442}.Debug|Any CPU.ActiveCfg = Debug|Any CPU
		{787D3BA7-DB6C-4704-B89C-8D91A4392442}.Debug|Any CPU.Build.0 = Debug|Any CPU
		{787D3BA7-DB6C-4704-B89C-8D91A4392442}.Release|Any CPU.ActiveCfg = Release|Any CPU
		{787D3BA7-DB6C-4704-B89C-8D91A4392442}.Release|Any CPU.Build.0 = Release|Any CPU
		{0D3D4047-3DB8-42CB-B4F2-BE3E2C1D5962}.Debug|Any CPU.ActiveCfg = Debug|Any CPU
		{0D3D4047-3DB8-42CB-B4F2-BE3E2C1D5962}.Debug|Any CPU.Build.0 = Debug|Any CPU
		{0D3D4047-3DB8-42CB-B4F2-BE3E2C1D5962}.Release|Any CPU.ActiveCfg = Release|Any CPU
		{0D3D4047-3DB8-42CB-B4F2-BE3E2C1D5962}.Release|Any CPU.Build.0 = Release|Any CPU
	EndGlobalSection
	GlobalSection(SolutionProperties) = preSolution
		HideSolutionNode = FALSE
	EndGlobalSection
	GlobalSection(ExtensibilityGlobals) = postSolution
		SolutionGuid = {84A6936C-E202-4197-AF1F-B43AE50E1C56}
	EndGlobalSection
EndGlobal
